// !$*UTF8*$!
{
	archiveVersion = 1;
	classes = {
	};
	objectVersion = 56;
	objects = {

/* Begin PBXBuildFile section */
		FD0CCF9C296ECCAA0004CE8B /* CommonUIImageView.swift in Sources */ = {isa = PBXBuildFile; fileRef = FD0CCF9B296ECCAA0004CE8B /* CommonUIImageView.swift */; };
		FD991140296DCA7D00B70BB0 /* AppDelegate.swift in Sources */ = {isa = PBXBuildFile; fileRef = FD99113F296DCA7D00B70BB0 /* AppDelegate.swift */; };
		FD991142296DCA7D00B70BB0 /* SceneDelegate.swift in Sources */ = {isa = PBXBuildFile; fileRef = FD991141296DCA7D00B70BB0 /* SceneDelegate.swift */; };
		FD991144296DCA7D00B70BB0 /* ItemsViewController.swift in Sources */ = {isa = PBXBuildFile; fileRef = FD991143296DCA7D00B70BB0 /* ItemsViewController.swift */; };
		FD991149296DCA7E00B70BB0 /* Assets.xcassets in Resources */ = {isa = PBXBuildFile; fileRef = FD991148296DCA7E00B70BB0 /* Assets.xcassets */; };
		FD99114C296DCA7E00B70BB0 /* LaunchScreen.storyboard in Resources */ = {isa = PBXBuildFile; fileRef = FD99114A296DCA7E00B70BB0 /* LaunchScreen.storyboard */; };
		FD991154296DD52200B70BB0 /* TabBarController.swift in Sources */ = {isa = PBXBuildFile; fileRef = FD991153296DD52200B70BB0 /* TabBarController.swift */; };
		FD991156296DD86400B70BB0 /* CartViewController.swift in Sources */ = {isa = PBXBuildFile; fileRef = FD991155296DD86400B70BB0 /* CartViewController.swift */; };
		FD991158296DD90A00B70BB0 /* FavoriteViewController.swift in Sources */ = {isa = PBXBuildFile; fileRef = FD991157296DD90A00B70BB0 /* FavoriteViewController.swift */; };
/* End PBXBuildFile section */

/* Begin PBXFileReference section */
		FD0CCF9B296ECCAA0004CE8B /* CommonUIImageView.swift */ = {isa = PBXFileReference; lastKnownFileType = sourcecode.swift; path = CommonUIImageView.swift; sourceTree = "<group>"; };
		FD99113C296DCA7D00B70BB0 /* UISegmentControll.app */ = {isa = PBXFileReference; explicitFileType = wrapper.application; includeInIndex = 0; path = UISegmentControll.app; sourceTree = BUILT_PRODUCTS_DIR; };
		FD99113F296DCA7D00B70BB0 /* AppDelegate.swift */ = {isa = PBXFileReference; lastKnownFileType = sourcecode.swift; path = AppDelegate.swift; sourceTree = "<group>"; };
		FD991141296DCA7D00B70BB0 /* SceneDelegate.swift */ = {isa = PBXFileReference; lastKnownFileType = sourcecode.swift; path = SceneDelegate.swift; sourceTree = "<group>"; };
		FD991143296DCA7D00B70BB0 /* ItemsViewController.swift */ = {isa = PBXFileReference; lastKnownFileType = sourcecode.swift; path = ItemsViewController.swift; sourceTree = "<group>"; };
		FD991148296DCA7E00B70BB0 /* Assets.xcassets */ = {isa = PBXFileReference; lastKnownFileType = folder.assetcatalog; path = Assets.xcassets; sourceTree = "<group>"; };
		FD99114B296DCA7E00B70BB0 /* Base */ = {isa = PBXFileReference; lastKnownFileType = file.storyboard; name = Base; path = Base.lproj/LaunchScreen.storyboard; sourceTree = "<group>"; };
		FD99114D296DCA7E00B70BB0 /* Info.plist */ = {isa = PBXFileReference; lastKnownFileType = text.plist.xml; path = Info.plist; sourceTree = "<group>"; };
		FD991153296DD52200B70BB0 /* TabBarController.swift */ = {isa = PBXFileReference; lastKnownFileType = sourcecode.swift; path = TabBarController.swift; sourceTree = "<group>"; };
		FD991155296DD86400B70BB0 /* CartViewController.swift */ = {isa = PBXFileReference; lastKnownFileType = sourcecode.swift; path = CartViewController.swift; sourceTree = "<group>"; };
		FD991157296DD90A00B70BB0 /* FavoriteViewController.swift */ = {isa = PBXFileReference; lastKnownFileType = sourcecode.swift; path = FavoriteViewController.swift; sourceTree = "<group>"; };
/* End PBXFileReference section */

/* Begin PBXFrameworksBuildPhase section */
		FD991139296DCA7D00B70BB0 /* Frameworks */ = {
			isa = PBXFrameworksBuildPhase;
			buildActionMask = 2147483647;
			files = (
			);
			runOnlyForDeploymentPostprocessing = 0;
		};
/* End PBXFrameworksBuildPhase section */

/* Begin PBXGroup section */
		FD991133296DCA7D00B70BB0 = {
			isa = PBXGroup;
			children = (
				FD99113E296DCA7D00B70BB0 /* UISegmentControll */,
				FD99113D296DCA7D00B70BB0 /* Products */,
			);
			sourceTree = "<group>";
		};
		FD99113D296DCA7D00B70BB0 /* Products */ = {
			isa = PBXGroup;
			children = (
				FD99113C296DCA7D00B70BB0 /* UISegmentControll.app */,
			);
			name = Products;
			sourceTree = "<group>";
		};
		FD99113E296DCA7D00B70BB0 /* UISegmentControll */ = {
			isa = PBXGroup;
			children = (
				FD99113F296DCA7D00B70BB0 /* AppDelegate.swift */,
				FD991141296DCA7D00B70BB0 /* SceneDelegate.swift */,
				FD991143296DCA7D00B70BB0 /* ItemsViewController.swift */,
				FD991153296DD52200B70BB0 /* TabBarController.swift */,
				FD991155296DD86400B70BB0 /* CartViewController.swift */,
				FD0CCF9B296ECCAA0004CE8B /* CommonUIImageView.swift */,
				FD991157296DD90A00B70BB0 /* FavoriteViewController.swift */,
				FD991148296DCA7E00B70BB0 /* Assets.xcassets */,
				FD99114A296DCA7E00B70BB0 /* LaunchScreen.storyboard */,
				FD99114D296DCA7E00B70BB0 /* Info.plist */,
			);
			path = UISegmentControll;
			sourceTree = "<group>";
		};
/* End PBXGroup section */

/* Begin PBXNativeTarget section */
		FD99113B296DCA7D00B70BB0 /* UISegmentControll */ = {
			isa = PBXNativeTarget;
			buildConfigurationList = FD991150296DCA7E00B70BB0 /* Build configuration list for PBXNativeTarget "UISegmentControll" */;
			buildPhases = (
				FD991138296DCA7D00B70BB0 /* Sources */,
				FD991139296DCA7D00B70BB0 /* Frameworks */,
				FD99113A296DCA7D00B70BB0 /* Resources */,
			);
			buildRules = (
			);
			dependencies = (
			);
			name = UISegmentControll;
			productName = UISegmentControll;
			productReference = FD99113C296DCA7D00B70BB0 /* UISegmentControll.app */;
			productType = "com.apple.product-type.application";
		};
/* End PBXNativeTarget section */

/* Begin PBXProject section */
		FD991134296DCA7D00B70BB0 /* Project object */ = {
			isa = PBXProject;
			attributes = {
				BuildIndependentTargetsInParallel = 1;
				LastSwiftUpdateCheck = 1400;
				LastUpgradeCheck = 1400;
				TargetAttributes = {
					FD99113B296DCA7D00B70BB0 = {
						CreatedOnToolsVersion = 14.0;
					};
				};
			};
			buildConfigurationList = FD991137296DCA7D00B70BB0 /* Build configuration list for PBXProject "UISegmentControll" */;
			compatibilityVersion = "Xcode 14.0";
			developmentRegion = en;
			hasScannedForEncodings = 0;
			knownRegions = (
				en,
				Base,
			);
			mainGroup = FD991133296DCA7D00B70BB0;
			productRefGroup = FD99113D296DCA7D00B70BB0 /* Products */;
			projectDirPath = "";
			projectRoot = "";
			targets = (
				FD99113B296DCA7D00B70BB0 /* UISegmentControll */,
			);
		};
/* End PBXProject section */

/* Begin PBXResourcesBuildPhase section */
		FD99113A296DCA7D00B70BB0 /* Resources */ = {
			isa = PBXResourcesBuildPhase;
			buildActionMask = 2147483647;
			files = (
				FD99114C296DCA7E00B70BB0 /* LaunchScreen.storyboard in Resources */,
				FD991149296DCA7E00B70BB0 /* Assets.xcassets in Resources */,
			);
			runOnlyForDeploymentPostprocessing = 0;
		};
/* End PBXResourcesBuildPhase section */

/* Begin PBXSourcesBuildPhase section */
		FD991138296DCA7D00B70BB0 /* Sources */ = {
			isa = PBXSourcesBuildPhase;
			buildActionMask = 2147483647;
			files = (
				FD0CCF9C296ECCAA0004CE8B /* CommonUIImageView.swift in Sources */,
				FD991144296DCA7D00B70BB0 /* ItemsViewController.swift in Sources */,
				FD991154296DD52200B70BB0 /* TabBarController.swift in Sources */,
				FD991156296DD86400B70BB0 /* CartViewController.swift in Sources */,
				FD991140296DCA7D00B70BB0 /* AppDelegate.swift in Sources */,
				FD991158296DD90A00B70BB0 /* FavoriteViewController.swift in Sources */,
				FD991142296DCA7D00B70BB0 /* SceneDelegate.swift in Sources */,
			);
			runOnlyForDeploymentPostprocessing = 0;
		};
/* End PBXSourcesBuildPhase section */

/* Begin PBXVariantGroup section */
		FD99114A296DCA7E00B70BB0 /* LaunchScreen.storyboard */ = {
			isa = PBXVariantGroup;
			children = (
				FD99114B296DCA7E00B70BB0 /* Base */,
			);
			name = LaunchScreen.storyboard;
			sourceTree = "<group>";
		};
/* End PBXVariantGroup section */

/* Begin XCBuildConfiguration section */
		FD99114E296DCA7E00B70BB0 /* Debug */ = {
			isa = XCBuildConfiguration;
			buildSettings = {
				ALWAYS_SEARCH_USER_PATHS = NO;
				CLANG_ANALYZER_NONNULL = YES;
				CLANG_ANALYZER_NUMBER_OBJECT_CONVERSION = YES_AGGRESSIVE;
				CLANG_CXX_LANGUAGE_STANDARD = "gnu++20";
				CLANG_ENABLE_MODULES = YES;
				CLANG_ENABLE_OBJC_ARC = YES;
				CLANG_ENABLE_OBJC_WEAK = YES;
				CLANG_WARN_BLOCK_CAPTURE_AUTORELEASING = YES;
				CLANG_WARN_BOOL_CONVERSION = YES;
				CLANG_WARN_COMMA = YES;
				CLANG_WARN_CONSTANT_CONVERSION = YES;
				CLANG_WARN_DEPRECATED_OBJC_IMPLEMENTATIONS = YES;
				CLANG_WARN_DIRECT_OBJC_ISA_USAGE = YES_ERROR;
				CLANG_WARN_DOCUMENTATION_COMMENTS = YES;
				CLANG_WARN_EMPTY_BODY = YES;
				CLANG_WARN_ENUM_CONVERSION = YES;
				CLANG_WARN_INFINITE_RECURSION = YES;
				CLANG_WARN_INT_CONVERSION = YES;
				CLANG_WARN_NON_LITERAL_NULL_CONVERSION = YES;
				CLANG_WARN_OBJC_IMPLICIT_RETAIN_SELF = YES;
				CLANG_WARN_OBJC_LITERAL_CONVERSION = YES;
				CLANG_WARN_OBJC_ROOT_CLASS = YES_ERROR;
				CLANG_WARN_QUOTED_INCLUDE_IN_FRAMEWORK_HEADER = YES;
				CLANG_WARN_RANGE_LOOP_ANALYSIS = YES;
				CLANG_WARN_STRICT_PROTOTYPES = YES;
				CLANG_WARN_SUSPICIOUS_MOVE = YES;
				CLANG_WARN_UNGUARDED_AVAILABILITY = YES_AGGRESSIVE;
				CLANG_WARN_UNREACHABLE_CODE = YES;
				CLANG_WARN__DUPLICATE_METHOD_MATCH = YES;
				COPY_PHASE_STRIP = NO;
				DEBUG_INFORMATION_FORMAT = dwarf;
				ENABLE_STRICT_OBJC_MSGSEND = YES;
				ENABLE_TESTABILITY = YES;
				GCC_C_LANGUAGE_STANDARD = gnu11;
				GCC_DYNAMIC_NO_PIC = NO;
				GCC_NO_COMMON_BLOCKS = YES;
				GCC_OPTIMIZATION_LEVEL = 0;
				GCC_PREPROCESSOR_DEFINITIONS = (
					"DEBUG=1",
					"$(inherited)",
				);
				GCC_WARN_64_TO_32_BIT_CONVERSION = YES;
				GCC_WARN_ABOUT_RETURN_TYPE = YES_ERROR;
				GCC_WARN_UNDECLARED_SELECTOR = YES;
				GCC_WARN_UNINITIALIZED_AUTOS = YES_AGGRESSIVE;
				GCC_WARN_UNUSED_FUNCTION = YES;
				GCC_WARN_UNUSED_VARIABLE = YES;
				IPHONEOS_DEPLOYMENT_TARGET = 16.0;
				MTL_ENABLE_DEBUG_INFO = INCLUDE_SOURCE;
				MTL_FAST_MATH = YES;
				ONLY_ACTIVE_ARCH = YES;
				SDKROOT = iphoneos;
				SWIFT_ACTIVE_COMPILATION_CONDITIONS = DEBUG;
				SWIFT_OPTIMIZATION_LEVEL = "-Onone";
			};
			name = Debug;
		};
		FD99114F296DCA7E00B70BB0 /* Release */ = {
			isa = XCBuildConfiguration;
			buildSettings = {
				ALWAYS_SEARCH_USER_PATHS = NO;
				CLANG_ANALYZER_NONNULL = YES;
				CLANG_ANALYZER_NUMBER_OBJECT_CONVERSION = YES_AGGRESSIVE;
				CLANG_CXX_LANGUAGE_STANDARD = "gnu++20";
				CLANG_ENABLE_MODULES = YES;
				CLANG_ENABLE_OBJC_ARC = YES;
				CLANG_ENABLE_OBJC_WEAK = YES;
				CLANG_WARN_BLOCK_CAPTURE_AUTORELEASING = YES;
				CLANG_WARN_BOOL_CONVERSION = YES;
				CLANG_WARN_COMMA = YES;
				CLANG_WARN_CONSTANT_CONVERSION = YES;
				CLANG_WARN_DEPRECATED_OBJC_IMPLEMENTATIONS = YES;
				CLANG_WARN_DIRECT_OBJC_ISA_USAGE = YES_ERROR;
				CLANG_WARN_DOCUMENTATION_COMMENTS = YES;
				CLANG_WARN_EMPTY_BODY = YES;
				CLANG_WARN_ENUM_CONVERSION = YES;
				CLANG_WARN_INFINITE_RECURSION = YES;
				CLANG_WARN_INT_CONVERSION = YES;
				CLANG_WARN_NON_LITERAL_NULL_CONVERSION = YES;
				CLANG_WARN_OBJC_IMPLICIT_RETAIN_SELF = YES;
				CLANG_WARN_OBJC_LITERAL_CONVERSION = YES;
				CLANG_WARN_OBJC_ROOT_CLASS = YES_ERROR;
				CLANG_WARN_QUOTED_INCLUDE_IN_FRAMEWORK_HEADER = YES;
				CLANG_WARN_RANGE_LOOP_ANALYSIS = YES;
				CLANG_WARN_STRICT_PROTOTYPES = YES;
				CLANG_WARN_SUSPICIOUS_MOVE = YES;
				CLANG_WARN_UNGUARDED_AVAILABILITY = YES_AGGRESSIVE;
				CLANG_WARN_UNREACHABLE_CODE = YES;
				CLANG_WARN__DUPLICATE_METHOD_MATCH = YES;
				COPY_PHASE_STRIP = NO;
				DEBUG_INFORMATION_FORMAT = "dwarf-with-dsym";
				ENABLE_NS_ASSERTIONS = NO;
				ENABLE_STRICT_OBJC_MSGSEND = YES;
				GCC_C_LANGUAGE_STANDARD = gnu11;
				GCC_NO_COMMON_BLOCKS = YES;
				GCC_WARN_64_TO_32_BIT_CONVERSION = YES;
				GCC_WARN_ABOUT_RETURN_TYPE = YES_ERROR;
				GCC_WARN_UNDECLARED_SELECTOR = YES;
				GCC_WARN_UNINITIALIZED_AUTOS = YES_AGGRESSIVE;
				GCC_WARN_UNUSED_FUNCTION = YES;
				GCC_WARN_UNUSED_VARIABLE = YES;
				IPHONEOS_DEPLOYMENT_TARGET = 16.0;
				MTL_ENABLE_DEBUG_INFO = NO;
				MTL_FAST_MATH = YES;
				SDKROOT = iphoneos;
				SWIFT_COMPILATION_MODE = wholemodule;
				SWIFT_OPTIMIZATION_LEVEL = "-O";
				VALIDATE_PRODUCT = YES;
			};
			name = Release;
		};
		FD991151296DCA7E00B70BB0 /* Debug */ = {
			isa = XCBuildConfiguration;
			buildSettings = {
				ASSETCATALOG_COMPILER_APPICON_NAME = AppIcon;
				ASSETCATALOG_COMPILER_GLOBAL_ACCENT_COLOR_NAME = AccentColor;
				CODE_SIGN_STYLE = Automatic;
				CURRENT_PROJECT_VERSION = 1;
				DEVELOPMENT_TEAM = VXMM262X54;
				GENERATE_INFOPLIST_FILE = YES;
				INFOPLIST_FILE = UISegmentControll/Info.plist;
				INFOPLIST_KEY_UIApplicationSupportsIndirectInputEvents = YES;
				INFOPLIST_KEY_UILaunchStoryboardName = LaunchScreen;
				INFOPLIST_KEY_UISupportedInterfaceOrientations_iPad = "UIInterfaceOrientationPortrait UIInterfaceOrientationPortraitUpsideDown UIInterfaceOrientationLandscapeLeft UIInterfaceOrientationLandscapeRight";
				INFOPLIST_KEY_UISupportedInterfaceOrientations_iPhone = "UIInterfaceOrientationPortrait UIInterfaceOrientationLandscapeLeft UIInterfaceOrientationLandscapeRight";
				LD_RUNPATH_SEARCH_PATHS = (
					"$(inherited)",
					"@executable_path/Frameworks",
				);
				MARKETING_VERSION = 1.0;
				PRODUCT_BUNDLE_IDENTIFIER = ru.MikhailChuparnov.UISegmentControll;
				PRODUCT_NAME = "$(TARGET_NAME)";
				SWIFT_EMIT_LOC_STRINGS = YES;
				SWIFT_VERSION = 5.0;
				TARGETED_DEVICE_FAMILY = "1,2";
			};
			name = Debug;
		};
		FD991152296DCA7E00B70BB0 /* Release */ = {
			isa = XCBuildConfiguration;
			buildSettings = {
				ASSETCATALOG_COMPILER_APPICON_NAME = AppIcon;
				ASSETCATALOG_COMPILER_GLOBAL_ACCENT_COLOR_NAME = AccentColor;
				CODE_SIGN_STYLE = Automatic;
				CURRENT_PROJECT_VERSION = 1;
				DEVELOPMENT_TEAM = VXMM262X54;
				GENERATE_INFOPLIST_FILE = YES;
				INFOPLIST_FILE = UISegmentControll/Info.plist;
				INFOPLIST_KEY_UIApplicationSupportsIndirectInputEvents = YES;
				INFOPLIST_KEY_UILaunchStoryboardName = LaunchScreen;
				INFOPLIST_KEY_UISupportedInterfaceOrientations_iPad = "UIInterfaceOrientationPortrait UIInterfaceOrientationPortraitUpsideDown UIInterfaceOrientationLandscapeLeft UIInterfaceOrientationLandscapeRight";
				INFOPLIST_KEY_UISupportedInterfaceOrientations_iPhone = "UIInterfaceOrientationPortrait UIInterfaceOrientationLandscapeLeft UIInterfaceOrientationLandscapeRight";
				LD_RUNPATH_SEARCH_PATHS = (
					"$(inherited)",
					"@executable_path/Frameworks",
				);
				MARKETING_VERSION = 1.0;
				PRODUCT_BUNDLE_IDENTIFIER = ru.MikhailChuparnov.UISegmentControll;
				PRODUCT_NAME = "$(TARGET_NAME)";
				SWIFT_EMIT_LOC_STRINGS = YES;
				SWIFT_VERSION = 5.0;
				TARGETED_DEVICE_FAMILY = "1,2";
			};
			name = Release;
		};
/* End XCBuildConfiguration section */

/* Begin XCConfigurationList section */
		FD991137296DCA7D00B70BB0 /* Build configuration list for PBXProject "UISegmentControll" */ = {
			isa = XCConfigurationList;
			buildConfigurations = (
				FD99114E296DCA7E00B70BB0 /* Debug */,
				FD99114F296DCA7E00B70BB0 /* Release */,
			);
			defaultConfigurationIsVisible = 0;
			defaultConfigurationName = Release;
		};
		FD991150296DCA7E00B70BB0 /* Build configuration list for PBXNativeTarget "UISegmentControll" */ = {
			isa = XCConfigurationList;
			buildConfigurations = (
				FD991151296DCA7E00B70BB0 /* Debug */,
				FD991152296DCA7E00B70BB0 /* Release */,
			);
			defaultConfigurationIsVisible = 0;
			defaultConfigurationName = Release;
		};
/* End XCConfigurationList section */
	};
	rootObject = FD991134296DCA7D00B70BB0 /* Project object */;
}
